
Microsoft Visual Studio Solution File, Format Version 12.00
# Visual Studio Version 17
VisualStudioVersion = 17.7.34024.191
MinimumVisualStudioVersion = 10.0.40219.1
Project("{8BC9CEB8-8B4A-11D0-8D11-00A0C91BC942}") = "PileApplication(console)", "PileApplication(console).vcxproj", "{7A243FCB-0CFB-40B1-95B0-B8B11A7E4FD7}"
EndProject
Global
	GlobalSection(SolutionConfigurationPlatforms) = preSolution
		Debug|x64 = Debug|x64
		Debug|x86 = Debug|x86
		Release|x64 = Release|x64
		Release|x86 = Release|x86
	EndGlobalSection
	GlobalSection(ProjectConfigurationPlatforms) = postSolution
		{7A243FCB-0CFB-40B1-95B0-B8B11A7E4FD7}.Debug|x64.ActiveCfg = Debug|x64
		{7A243FCB-0CFB-40B1-95B0-B8B11A7E4FD7}.Debug|x64.Build.0 = Debug|x64
		{7A243FCB-0CFB-40B1-95B0-B8B11A7E4FD7}.Debug|x86.ActiveCfg = Debug|Win32
		{7A243FCB-0CFB-40B1-95B0-B8B11A7E4FD7}.Debug|x86.Build.0 = Debug|Win32
		{7A243FCB-0CFB-40B1-95B0-B8B11A7E4FD7}.Release|x64.ActiveCfg = Release|x64
		{7A243FCB-0CFB-40B1-95B0-B8B11A7E4FD7}.Release|x64.Build.0 = Release|x64
		{7A243FCB-0CFB-40B1-95B0-B8B11A7E4FD7}.Release|x86.ActiveCfg = Release|Win32
		{7A243FCB-0CFB-40B1-95B0-B8B11A7E4FD7}.Release|x86.Build.0 = Release|Win32
	EndGlobalSection
	GlobalSection(SolutionProperties) = preSolution
		HideSolutionNode = FALSE
	EndGlobalSection
	GlobalSection(ExtensibilityGlobals) = postSolution
		SolutionGuid = {2F0866C0-3483-4C53-9FBF-CA99DC3C088F}
	EndGlobalSection
EndGlobal
